
Microsoft Visual Studio Solution File, Format Version 12.00
# Visual Studio Version 16
VisualStudioVersion = 16.0.30523.141
MinimumVisualStudioVersion = 10.0.40219.1
Project("{FAE04EC0-301F-11D3-BF4B-00C04F79EFBC}") = "ClassLibraryForet", "ClassLibraryForet\ClassLibraryForet.csproj", "{1051CB8C-3246-492F-B397-C62E5FC4855A}"
EndProject
Project("{FAE04EC0-301F-11D3-BF4B-00C04F79EFBC}") = "ConsoleAppTestForet", "ConsoleAppTestForet\ConsoleAppTestForet.csproj", "{628BDCEF-786D-4D82-AC05-B8B16A9BC1D1}"
EndProject
Global
	GlobalSection(SolutionConfigurationPlatforms) = preSolution
		Debug|Any CPU = Debug|Any CPU
		Release|Any CPU = Release|Any CPU
	EndGlobalSection
	GlobalSection(ProjectConfigurationPlatforms) = postSolution
		{1051CB8C-3246-492F-B397-C62E5FC4855A}.Debug|Any CPU.ActiveCfg = Debug|Any CPU
		{1051CB8C-3246-492F-B397-C62E5FC4855A}.Debug|Any CPU.Build.0 = Debug|Any CPU
		{1051CB8C-3246-492F-B397-C62E5FC4855A}.Release|Any CPU.ActiveCfg = Release|Any CPU
		{1051CB8C-3246-492F-B397-C62E5FC4855A}.Release|Any CPU.Build.0 = Release|Any CPU
		{628BDCEF-786D-4D82-AC05-B8B16A9BC1D1}.Debug|Any CPU.ActiveCfg = Debug|Any CPU
		{628BDCEF-786D-4D82-AC05-B8B16A9BC1D1}.Debug|Any CPU.Build.0 = Debug|Any CPU
		{628BDCEF-786D-4D82-AC05-B8B16A9BC1D1}.Release|Any CPU.ActiveCfg = Release|Any CPU
		{628BDCEF-786D-4D82-AC05-B8B16A9BC1D1}.Release|Any CPU.Build.0 = Release|Any CPU
	EndGlobalSection
	GlobalSection(SolutionProperties) = preSolution
		HideSolutionNode = FALSE
	EndGlobalSection
	GlobalSection(ExtensibilityGlobals) = postSolution
		SolutionGuid = {8F08A2DE-D4D3-4BEA-98AD-68E6E7D4FA72}
	EndGlobalSection
EndGlobal
