
Microsoft Visual Studio Solution File, Format Version 12.00
# Visual Studio Version 16
VisualStudioVersion = 16.0.30804.86
MinimumVisualStudioVersion = 10.0.40219.1
Project("{FAE04EC0-301F-11D3-BF4B-00C04F79EFBC}") = "Freelancer", "Freelancer\Freelancer.csproj", "{9032C84B-C60F-49C0-8818-0B6CB366CECE}"
EndProject
Global
	GlobalSection(SolutionConfigurationPlatforms) = preSolution
		Debug|Any CPU = Debug|Any CPU
		Release|Any CPU = Release|Any CPU
	EndGlobalSection
	GlobalSection(ProjectConfigurationPlatforms) = postSolution
		{9032C84B-C60F-49C0-8818-0B6CB366CECE}.Debug|Any CPU.ActiveCfg = Debug|Any CPU
		{9032C84B-C60F-49C0-8818-0B6CB366CECE}.Debug|Any CPU.Build.0 = Debug|Any CPU
		{9032C84B-C60F-49C0-8818-0B6CB366CECE}.Release|Any CPU.ActiveCfg = Release|Any CPU
		{9032C84B-C60F-49C0-8818-0B6CB366CECE}.Release|Any CPU.Build.0 = Release|Any CPU
	EndGlobalSection
	GlobalSection(SolutionProperties) = preSolution
		HideSolutionNode = FALSE
	EndGlobalSection
	GlobalSection(ExtensibilityGlobals) = postSolution
		SolutionGuid = {7920E0D6-091F-4FC5-8DD5-9FD40452BC61}
	EndGlobalSection
EndGlobal
