
Microsoft Visual Studio Solution File, Format Version 12.00
# Visual Studio Version 16
VisualStudioVersion = 16.0.30320.27
MinimumVisualStudioVersion = 10.0.40219.1
Project("{FAE04EC0-301F-11D3-BF4B-00C04F79EFBC}") = "Calculatrice", "Calculatrice\Calculatrice.csproj", "{3C99B42C-C81E-46CD-ABD7-1431D0677C50}"
EndProject
Project("{FAE04EC0-301F-11D3-BF4B-00C04F79EFBC}") = "ClassLibraryLepidoptere", "ClassLibraryLepidoptere\ClassLibraryLepidoptere.csproj", "{9B33BBA2-A511-403A-B5E3-928E52E14002}"
EndProject
Project("{FAE04EC0-301F-11D3-BF4B-00C04F79EFBC}") = "ConsoleAppLepidoptere", "ConsoleAppLepidoptere\ConsoleAppLepidoptere.csproj", "{893EBEB6-2F65-48DB-A680-C4E31AC89845}"
EndProject
Project("{FAE04EC0-301F-11D3-BF4B-00C04F79EFBC}") = "ClassLibraryZoo", "ClassLibraryZoo\ClassLibraryZoo.csproj", "{A2945F38-24E3-41D4-BB74-EC2C03FF1A92}"
EndProject
Project("{FAE04EC0-301F-11D3-BF4B-00C04F79EFBC}") = "ConsoleAppTestZoo", "ConsoleAppTestZoo\ConsoleAppTestZoo.csproj", "{68D34407-F3D4-41EE-A007-6C1CC58ECDDE}"
EndProject
Project("{2150E333-8FDC-42A3-9474-1A3956D46DE8}") = "Additionneur", "Additionneur", "{664A6726-0E7A-4E34-832B-FE728CD23EE8}"
EndProject
Project("{2150E333-8FDC-42A3-9474-1A3956D46DE8}") = "Lepidoptere", "Lepidoptere", "{CC60C794-C37D-4CA9-A1F7-A3C0A04C4770}"
EndProject
Project("{2150E333-8FDC-42A3-9474-1A3956D46DE8}") = "Zoo", "Zoo", "{C28CEEFE-98B6-4D25-A82C-BB316210EDDA}"
EndProject
Project("{2150E333-8FDC-42A3-9474-1A3956D46DE8}") = "Validation", "Validation", "{6A313C23-4B1E-47F2-BD7D-21DC92428174}"
EndProject
Project("{FAE04EC0-301F-11D3-BF4B-00C04F79EFBC}") = "ClassLibraryFacture", "ClassLibraryFacture\ClassLibraryFacture.csproj", "{266F2188-5B6E-4F62-9905-9D3E2E6C2A73}"
EndProject
Project("{FAE04EC0-301F-11D3-BF4B-00C04F79EFBC}") = "ClassLibraryVerification", "ClassLibraryVerification\ClassLibraryVerification.csproj", "{5E77CF21-C849-47A0-8FA0-2CE23043A32D}"
EndProject
Project("{FAE04EC0-301F-11D3-BF4B-00C04F79EFBC}") = "WindowsFormsAppValidation", "WindowsFormsAppValidation\WindowsFormsAppValidation.csproj", "{C321547A-F975-4BA6-86D5-BBF65CD226A1}"
EndProject
Project("{2150E333-8FDC-42A3-9474-1A3956D46DE8}") = "ListBox", "ListBox", "{201C20F2-DD84-4CC7-AFB1-3504F4E0B386}"
EndProject
Project("{FAE04EC0-301F-11D3-BF4B-00C04F79EFBC}") = "WindowsFormsAppListeBox", "WindowsFormsAppListeBox\WindowsFormsAppListeBox.csproj", "{1B53D397-8DDB-440E-8E9D-11BEBE642510}"
EndProject
Project("{2150E333-8FDC-42A3-9474-1A3956D46DE8}") = "ComboBox", "ComboBox", "{BA26E9DB-3C7F-44EB-A6E0-F404BECEB43A}"
EndProject
Project("{FAE04EC0-301F-11D3-BF4B-00C04F79EFBC}") = "WindowsFormsAppComboBox", "WindowsFormsAppComboBox\WindowsFormsAppComboBox.csproj", "{B9C5BA8D-24C9-41B5-8B00-F7A189BE661D}"
EndProject
Project("{2150E333-8FDC-42A3-9474-1A3956D46DE8}") = "Defilement", "Defilement", "{5D2C9390-DEED-4121-8DBB-607922E9FBBE}"
EndProject
Project("{FAE04EC0-301F-11D3-BF4B-00C04F79EFBC}") = "WindowsFormsAppDefilement", "WindowsFormsAppDefilement\WindowsFormsAppDefilement.csproj", "{A186BE33-1713-4288-8E5C-40DD35E1EF33}"
EndProject
Project("{2150E333-8FDC-42A3-9474-1A3956D46DE8}") = "Temperature", "Temperature", "{C20E0F5D-BF41-4227-B374-E6EA503713F6}"
EndProject
Project("{FAE04EC0-301F-11D3-BF4B-00C04F79EFBC}") = "ClassLibraryTemp", "ClassLibraryTemp\ClassLibraryTemp.csproj", "{FB27DF95-E133-4CD0-9F47-FBD3C4962222}"
EndProject
Project("{FAE04EC0-301F-11D3-BF4B-00C04F79EFBC}") = "ConsoleAppMeteo", "ConsoleAppMeteo\ConsoleAppMeteo.csproj", "{CF748B47-247E-4147-BB66-DFD860112C55}"
EndProject
Project("{FAE04EC0-301F-11D3-BF4B-00C04F79EFBC}") = "ConsoleAppHumain", "ConsoleAppHumain\ConsoleAppHumain.csproj", "{37DF8BC1-3FBD-40BD-973B-756268733BAD}"
EndProject
Project("{FAE04EC0-301F-11D3-BF4B-00C04F79EFBC}") = "ClassLibraryJardin", "ClassLibraryJardin\ClassLibraryJardin.csproj", "{3A6FDE76-CA6B-4929-8F1A-388DDC2D7079}"
EndProject
Project("{2150E333-8FDC-42A3-9474-1A3956D46DE8}") = "Emprunt", "Emprunt", "{7ACD36F5-7E6A-416F-97D2-71D0D1677471}"
EndProject
Project("{FAE04EC0-301F-11D3-BF4B-00C04F79EFBC}") = "WindowsFormsAppEmprunt", "WindowsFormsAppEmprunt\WindowsFormsAppEmprunt.csproj", "{2DA3930D-8CAF-48B2-A0B3-40760707DDA7}"
EndProject
Project("{FAE04EC0-301F-11D3-BF4B-00C04F79EFBC}") = "ClassLibraryEmprunt", "ClassLibraryEmprunt\ClassLibraryEmprunt.csproj", "{3A130DF0-E6A3-47B9-85D9-016A83930F51}"
EndProject
Project("{2150E333-8FDC-42A3-9474-1A3956D46DE8}") = "Thread", "Thread", "{534CE034-CD60-4219-9811-58EAE70A4EC4}"
EndProject
Project("{FAE04EC0-301F-11D3-BF4B-00C04F79EFBC}") = "ConsoleAppThread", "ConsoleAppThread\ConsoleAppThread.csproj", "{466F7FB1-6136-4055-861C-0C7EF9C68845}"
EndProject
Global
	GlobalSection(SolutionConfigurationPlatforms) = preSolution
		Debug|Any CPU = Debug|Any CPU
		Release|Any CPU = Release|Any CPU
	EndGlobalSection
	GlobalSection(ProjectConfigurationPlatforms) = postSolution
		{3C99B42C-C81E-46CD-ABD7-1431D0677C50}.Debug|Any CPU.ActiveCfg = Debug|Any CPU
		{3C99B42C-C81E-46CD-ABD7-1431D0677C50}.Debug|Any CPU.Build.0 = Debug|Any CPU
		{3C99B42C-C81E-46CD-ABD7-1431D0677C50}.Release|Any CPU.ActiveCfg = Release|Any CPU
		{3C99B42C-C81E-46CD-ABD7-1431D0677C50}.Release|Any CPU.Build.0 = Release|Any CPU
		{9B33BBA2-A511-403A-B5E3-928E52E14002}.Debug|Any CPU.ActiveCfg = Debug|Any CPU
		{9B33BBA2-A511-403A-B5E3-928E52E14002}.Debug|Any CPU.Build.0 = Debug|Any CPU
		{9B33BBA2-A511-403A-B5E3-928E52E14002}.Release|Any CPU.ActiveCfg = Release|Any CPU
		{9B33BBA2-A511-403A-B5E3-928E52E14002}.Release|Any CPU.Build.0 = Release|Any CPU
		{893EBEB6-2F65-48DB-A680-C4E31AC89845}.Debug|Any CPU.ActiveCfg = Debug|Any CPU
		{893EBEB6-2F65-48DB-A680-C4E31AC89845}.Debug|Any CPU.Build.0 = Debug|Any CPU
		{893EBEB6-2F65-48DB-A680-C4E31AC89845}.Release|Any CPU.ActiveCfg = Release|Any CPU
		{893EBEB6-2F65-48DB-A680-C4E31AC89845}.Release|Any CPU.Build.0 = Release|Any CPU
		{A2945F38-24E3-41D4-BB74-EC2C03FF1A92}.Debug|Any CPU.ActiveCfg = Debug|Any CPU
		{A2945F38-24E3-41D4-BB74-EC2C03FF1A92}.Debug|Any CPU.Build.0 = Debug|Any CPU
		{A2945F38-24E3-41D4-BB74-EC2C03FF1A92}.Release|Any CPU.ActiveCfg = Release|Any CPU
		{A2945F38-24E3-41D4-BB74-EC2C03FF1A92}.Release|Any CPU.Build.0 = Release|Any CPU
		{68D34407-F3D4-41EE-A007-6C1CC58ECDDE}.Debug|Any CPU.ActiveCfg = Debug|Any CPU
		{68D34407-F3D4-41EE-A007-6C1CC58ECDDE}.Debug|Any CPU.Build.0 = Debug|Any CPU
		{68D34407-F3D4-41EE-A007-6C1CC58ECDDE}.Release|Any CPU.ActiveCfg = Release|Any CPU
		{68D34407-F3D4-41EE-A007-6C1CC58ECDDE}.Release|Any CPU.Build.0 = Release|Any CPU
		{266F2188-5B6E-4F62-9905-9D3E2E6C2A73}.Debug|Any CPU.ActiveCfg = Debug|Any CPU
		{266F2188-5B6E-4F62-9905-9D3E2E6C2A73}.Debug|Any CPU.Build.0 = Debug|Any CPU
		{266F2188-5B6E-4F62-9905-9D3E2E6C2A73}.Release|Any CPU.ActiveCfg = Release|Any CPU
		{266F2188-5B6E-4F62-9905-9D3E2E6C2A73}.Release|Any CPU.Build.0 = Release|Any CPU
		{5E77CF21-C849-47A0-8FA0-2CE23043A32D}.Debug|Any CPU.ActiveCfg = Debug|Any CPU
		{5E77CF21-C849-47A0-8FA0-2CE23043A32D}.Debug|Any CPU.Build.0 = Debug|Any CPU
		{5E77CF21-C849-47A0-8FA0-2CE23043A32D}.Release|Any CPU.ActiveCfg = Release|Any CPU
		{5E77CF21-C849-47A0-8FA0-2CE23043A32D}.Release|Any CPU.Build.0 = Release|Any CPU
		{C321547A-F975-4BA6-86D5-BBF65CD226A1}.Debug|Any CPU.ActiveCfg = Debug|Any CPU
		{C321547A-F975-4BA6-86D5-BBF65CD226A1}.Debug|Any CPU.Build.0 = Debug|Any CPU
		{C321547A-F975-4BA6-86D5-BBF65CD226A1}.Release|Any CPU.ActiveCfg = Release|Any CPU
		{C321547A-F975-4BA6-86D5-BBF65CD226A1}.Release|Any CPU.Build.0 = Release|Any CPU
		{1B53D397-8DDB-440E-8E9D-11BEBE642510}.Debug|Any CPU.ActiveCfg = Debug|Any CPU
		{1B53D397-8DDB-440E-8E9D-11BEBE642510}.Debug|Any CPU.Build.0 = Debug|Any CPU
		{1B53D397-8DDB-440E-8E9D-11BEBE642510}.Release|Any CPU.ActiveCfg = Release|Any CPU
		{1B53D397-8DDB-440E-8E9D-11BEBE642510}.Release|Any CPU.Build.0 = Release|Any CPU
		{B9C5BA8D-24C9-41B5-8B00-F7A189BE661D}.Debug|Any CPU.ActiveCfg = Debug|Any CPU
		{B9C5BA8D-24C9-41B5-8B00-F7A189BE661D}.Debug|Any CPU.Build.0 = Debug|Any CPU
		{B9C5BA8D-24C9-41B5-8B00-F7A189BE661D}.Release|Any CPU.ActiveCfg = Release|Any CPU
		{B9C5BA8D-24C9-41B5-8B00-F7A189BE661D}.Release|Any CPU.Build.0 = Release|Any CPU
		{A186BE33-1713-4288-8E5C-40DD35E1EF33}.Debug|Any CPU.ActiveCfg = Debug|Any CPU
		{A186BE33-1713-4288-8E5C-40DD35E1EF33}.Debug|Any CPU.Build.0 = Debug|Any CPU
		{A186BE33-1713-4288-8E5C-40DD35E1EF33}.Release|Any CPU.ActiveCfg = Release|Any CPU
		{A186BE33-1713-4288-8E5C-40DD35E1EF33}.Release|Any CPU.Build.0 = Release|Any CPU
		{FB27DF95-E133-4CD0-9F47-FBD3C4962222}.Debug|Any CPU.ActiveCfg = Debug|Any CPU
		{FB27DF95-E133-4CD0-9F47-FBD3C4962222}.Debug|Any CPU.Build.0 = Debug|Any CPU
		{FB27DF95-E133-4CD0-9F47-FBD3C4962222}.Release|Any CPU.ActiveCfg = Release|Any CPU
		{FB27DF95-E133-4CD0-9F47-FBD3C4962222}.Release|Any CPU.Build.0 = Release|Any CPU
		{CF748B47-247E-4147-BB66-DFD860112C55}.Debug|Any CPU.ActiveCfg = Debug|Any CPU
		{CF748B47-247E-4147-BB66-DFD860112C55}.Debug|Any CPU.Build.0 = Debug|Any CPU
		{CF748B47-247E-4147-BB66-DFD860112C55}.Release|Any CPU.ActiveCfg = Release|Any CPU
		{CF748B47-247E-4147-BB66-DFD860112C55}.Release|Any CPU.Build.0 = Release|Any CPU
		{37DF8BC1-3FBD-40BD-973B-756268733BAD}.Debug|Any CPU.ActiveCfg = Debug|Any CPU
		{37DF8BC1-3FBD-40BD-973B-756268733BAD}.Debug|Any CPU.Build.0 = Debug|Any CPU
		{37DF8BC1-3FBD-40BD-973B-756268733BAD}.Release|Any CPU.ActiveCfg = Release|Any CPU
		{37DF8BC1-3FBD-40BD-973B-756268733BAD}.Release|Any CPU.Build.0 = Release|Any CPU
		{3A6FDE76-CA6B-4929-8F1A-388DDC2D7079}.Debug|Any CPU.ActiveCfg = Debug|Any CPU
		{3A6FDE76-CA6B-4929-8F1A-388DDC2D7079}.Debug|Any CPU.Build.0 = Debug|Any CPU
		{3A6FDE76-CA6B-4929-8F1A-388DDC2D7079}.Release|Any CPU.ActiveCfg = Release|Any CPU
		{3A6FDE76-CA6B-4929-8F1A-388DDC2D7079}.Release|Any CPU.Build.0 = Release|Any CPU
		{2DA3930D-8CAF-48B2-A0B3-40760707DDA7}.Debug|Any CPU.ActiveCfg = Debug|Any CPU
		{2DA3930D-8CAF-48B2-A0B3-40760707DDA7}.Debug|Any CPU.Build.0 = Debug|Any CPU
		{2DA3930D-8CAF-48B2-A0B3-40760707DDA7}.Release|Any CPU.ActiveCfg = Release|Any CPU
		{2DA3930D-8CAF-48B2-A0B3-40760707DDA7}.Release|Any CPU.Build.0 = Release|Any CPU
		{3A130DF0-E6A3-47B9-85D9-016A83930F51}.Debug|Any CPU.ActiveCfg = Debug|Any CPU
		{3A130DF0-E6A3-47B9-85D9-016A83930F51}.Debug|Any CPU.Build.0 = Debug|Any CPU
		{3A130DF0-E6A3-47B9-85D9-016A83930F51}.Release|Any CPU.ActiveCfg = Release|Any CPU
		{3A130DF0-E6A3-47B9-85D9-016A83930F51}.Release|Any CPU.Build.0 = Release|Any CPU
		{466F7FB1-6136-4055-861C-0C7EF9C68845}.Debug|Any CPU.ActiveCfg = Debug|Any CPU
		{466F7FB1-6136-4055-861C-0C7EF9C68845}.Debug|Any CPU.Build.0 = Debug|Any CPU
		{466F7FB1-6136-4055-861C-0C7EF9C68845}.Release|Any CPU.ActiveCfg = Release|Any CPU
		{466F7FB1-6136-4055-861C-0C7EF9C68845}.Release|Any CPU.Build.0 = Release|Any CPU
	EndGlobalSection
	GlobalSection(SolutionProperties) = preSolution
		HideSolutionNode = FALSE
	EndGlobalSection
	GlobalSection(NestedProjects) = preSolution
		{3C99B42C-C81E-46CD-ABD7-1431D0677C50} = {664A6726-0E7A-4E34-832B-FE728CD23EE8}
		{9B33BBA2-A511-403A-B5E3-928E52E14002} = {CC60C794-C37D-4CA9-A1F7-A3C0A04C4770}
		{893EBEB6-2F65-48DB-A680-C4E31AC89845} = {CC60C794-C37D-4CA9-A1F7-A3C0A04C4770}
		{A2945F38-24E3-41D4-BB74-EC2C03FF1A92} = {C28CEEFE-98B6-4D25-A82C-BB316210EDDA}
		{68D34407-F3D4-41EE-A007-6C1CC58ECDDE} = {C28CEEFE-98B6-4D25-A82C-BB316210EDDA}
		{266F2188-5B6E-4F62-9905-9D3E2E6C2A73} = {6A313C23-4B1E-47F2-BD7D-21DC92428174}
		{C321547A-F975-4BA6-86D5-BBF65CD226A1} = {6A313C23-4B1E-47F2-BD7D-21DC92428174}
		{1B53D397-8DDB-440E-8E9D-11BEBE642510} = {201C20F2-DD84-4CC7-AFB1-3504F4E0B386}
		{B9C5BA8D-24C9-41B5-8B00-F7A189BE661D} = {BA26E9DB-3C7F-44EB-A6E0-F404BECEB43A}
		{A186BE33-1713-4288-8E5C-40DD35E1EF33} = {5D2C9390-DEED-4121-8DBB-607922E9FBBE}
		{FB27DF95-E133-4CD0-9F47-FBD3C4962222} = {C20E0F5D-BF41-4227-B374-E6EA503713F6}
		{CF748B47-247E-4147-BB66-DFD860112C55} = {C20E0F5D-BF41-4227-B374-E6EA503713F6}
		{37DF8BC1-3FBD-40BD-973B-756268733BAD} = {C20E0F5D-BF41-4227-B374-E6EA503713F6}
		{3A6FDE76-CA6B-4929-8F1A-388DDC2D7079} = {C20E0F5D-BF41-4227-B374-E6EA503713F6}
		{2DA3930D-8CAF-48B2-A0B3-40760707DDA7} = {7ACD36F5-7E6A-416F-97D2-71D0D1677471}
		{3A130DF0-E6A3-47B9-85D9-016A83930F51} = {7ACD36F5-7E6A-416F-97D2-71D0D1677471}
		{466F7FB1-6136-4055-861C-0C7EF9C68845} = {534CE034-CD60-4219-9811-58EAE70A4EC4}
	EndGlobalSection
	GlobalSection(ExtensibilityGlobals) = postSolution
		SolutionGuid = {0402E22B-A59F-428F-B398-A96C26D50C1F}
	EndGlobalSection
EndGlobal
