
Microsoft Visual Studio Solution File, Format Version 12.00
# Visual Studio Version 16
VisualStudioVersion = 16.0.30907.101
MinimumVisualStudioVersion = 10.0.40219.1
Project("{FAE04EC0-301F-11D3-BF4B-00C04F79EFBC}") = "ClassLibraryDesignPattern1Test", "ClassLibraryDesignPattern1Test\ClassLibraryDesignPattern1Test.csproj", "{A60660B1-60D9-4131-8F38-E0BE2B92DDF3}"
EndProject
Global
	GlobalSection(SolutionConfigurationPlatforms) = preSolution
		Debug|Any CPU = Debug|Any CPU
		Release|Any CPU = Release|Any CPU
	EndGlobalSection
	GlobalSection(ProjectConfigurationPlatforms) = postSolution
		{A60660B1-60D9-4131-8F38-E0BE2B92DDF3}.Debug|Any CPU.ActiveCfg = Debug|Any CPU
		{A60660B1-60D9-4131-8F38-E0BE2B92DDF3}.Debug|Any CPU.Build.0 = Debug|Any CPU
		{A60660B1-60D9-4131-8F38-E0BE2B92DDF3}.Release|Any CPU.ActiveCfg = Release|Any CPU
		{A60660B1-60D9-4131-8F38-E0BE2B92DDF3}.Release|Any CPU.Build.0 = Release|Any CPU
	EndGlobalSection
	GlobalSection(SolutionProperties) = preSolution
		HideSolutionNode = FALSE
	EndGlobalSection
	GlobalSection(ExtensibilityGlobals) = postSolution
		SolutionGuid = {ACEBFFCF-C5DA-4209-B97D-87D0AAE62C2F}
	EndGlobalSection
EndGlobal
