
Microsoft Visual Studio Solution File, Format Version 12.00
# Visual Studio Version 16
VisualStudioVersion = 16.0.30717.126
MinimumVisualStudioVersion = 10.0.40219.1
Project("{FAE04EC0-301F-11D3-BF4B-00C04F79EFBC}") = "WindowsFormsAppConnection", "WindowsFormsAppConnection\WindowsFormsAppConnection.csproj", "{8E13B51F-30F2-4AA6-A229-03967BACD70D}"
EndProject
Project("{FAE04EC0-301F-11D3-BF4B-00C04F79EFBC}") = "WindowsFormsAppLigne", "WindowsFormsAppLigne\WindowsFormsAppLigne.csproj", "{908B10CB-C29A-489E-9400-0E59D916B9FE}"
EndProject
Project("{FAE04EC0-301F-11D3-BF4B-00C04F79EFBC}") = "WindowsFormsAppRechercheLigne", "WindowsFormsAppRechercheLigne\WindowsFormsAppRechercheLigne.csproj", "{F3E35A09-AF8E-415F-98D3-D80CA6E5BAC5}"
EndProject
Global
	GlobalSection(SolutionConfigurationPlatforms) = preSolution
		Debug|Any CPU = Debug|Any CPU
		Release|Any CPU = Release|Any CPU
	EndGlobalSection
	GlobalSection(ProjectConfigurationPlatforms) = postSolution
		{8E13B51F-30F2-4AA6-A229-03967BACD70D}.Debug|Any CPU.ActiveCfg = Debug|Any CPU
		{8E13B51F-30F2-4AA6-A229-03967BACD70D}.Debug|Any CPU.Build.0 = Debug|Any CPU
		{8E13B51F-30F2-4AA6-A229-03967BACD70D}.Release|Any CPU.ActiveCfg = Release|Any CPU
		{8E13B51F-30F2-4AA6-A229-03967BACD70D}.Release|Any CPU.Build.0 = Release|Any CPU
		{908B10CB-C29A-489E-9400-0E59D916B9FE}.Debug|Any CPU.ActiveCfg = Debug|Any CPU
		{908B10CB-C29A-489E-9400-0E59D916B9FE}.Debug|Any CPU.Build.0 = Debug|Any CPU
		{908B10CB-C29A-489E-9400-0E59D916B9FE}.Release|Any CPU.ActiveCfg = Release|Any CPU
		{908B10CB-C29A-489E-9400-0E59D916B9FE}.Release|Any CPU.Build.0 = Release|Any CPU
		{F3E35A09-AF8E-415F-98D3-D80CA6E5BAC5}.Debug|Any CPU.ActiveCfg = Debug|Any CPU
		{F3E35A09-AF8E-415F-98D3-D80CA6E5BAC5}.Debug|Any CPU.Build.0 = Debug|Any CPU
		{F3E35A09-AF8E-415F-98D3-D80CA6E5BAC5}.Release|Any CPU.ActiveCfg = Release|Any CPU
		{F3E35A09-AF8E-415F-98D3-D80CA6E5BAC5}.Release|Any CPU.Build.0 = Release|Any CPU
	EndGlobalSection
	GlobalSection(SolutionProperties) = preSolution
		HideSolutionNode = FALSE
	EndGlobalSection
	GlobalSection(ExtensibilityGlobals) = postSolution
		SolutionGuid = {AB73BEF7-E9DD-41EB-BA58-872CB62F6D52}
	EndGlobalSection
EndGlobal
