
Microsoft Visual Studio Solution File, Format Version 12.00
# Visual Studio Version 16
VisualStudioVersion = 16.0.30611.23
MinimumVisualStudioVersion = 10.0.40219.1
Project("{FAE04EC0-301F-11D3-BF4B-00C04F79EFBC}") = "ConsoleAppValidationDeSaisie", "ConsoleAppValidationDeSaisie.csproj", "{440391FF-135F-4007-88B8-7652C7EEB5D0}"
EndProject
Project("{FAE04EC0-301F-11D3-BF4B-00C04F79EFBC}") = "ClassLibraryValidationDeSaisie", "..\ClassLibraryValidationDeSaisie\ClassLibraryValidationDeSaisie.csproj", "{0DA38E0C-B29E-4B05-8277-365631632594}"
EndProject
Project("{FAE04EC0-301F-11D3-BF4B-00C04F79EFBC}") = "ClassLibraryVerification", "..\ClassLibraryVerification\ClassLibraryVerification.csproj", "{92911896-1A6B-483A-94C1-1DDB4EE0DB1D}"
EndProject
Project("{FAE04EC0-301F-11D3-BF4B-00C04F79EFBC}") = "ClassLibraryFacture", "..\ClassLibraryFacture\ClassLibraryFacture.csproj", "{BF2EA6F0-C3D9-4125-9621-DE60B621D4FA}"
EndProject
Global
	GlobalSection(SolutionConfigurationPlatforms) = preSolution
		Debug|Any CPU = Debug|Any CPU
		Release|Any CPU = Release|Any CPU
	EndGlobalSection
	GlobalSection(ProjectConfigurationPlatforms) = postSolution
		{440391FF-135F-4007-88B8-7652C7EEB5D0}.Debug|Any CPU.ActiveCfg = Debug|Any CPU
		{440391FF-135F-4007-88B8-7652C7EEB5D0}.Debug|Any CPU.Build.0 = Debug|Any CPU
		{440391FF-135F-4007-88B8-7652C7EEB5D0}.Release|Any CPU.ActiveCfg = Release|Any CPU
		{440391FF-135F-4007-88B8-7652C7EEB5D0}.Release|Any CPU.Build.0 = Release|Any CPU
		{0DA38E0C-B29E-4B05-8277-365631632594}.Debug|Any CPU.ActiveCfg = Debug|Any CPU
		{0DA38E0C-B29E-4B05-8277-365631632594}.Debug|Any CPU.Build.0 = Debug|Any CPU
		{0DA38E0C-B29E-4B05-8277-365631632594}.Release|Any CPU.ActiveCfg = Release|Any CPU
		{0DA38E0C-B29E-4B05-8277-365631632594}.Release|Any CPU.Build.0 = Release|Any CPU
		{92911896-1A6B-483A-94C1-1DDB4EE0DB1D}.Debug|Any CPU.ActiveCfg = Debug|Any CPU
		{92911896-1A6B-483A-94C1-1DDB4EE0DB1D}.Debug|Any CPU.Build.0 = Debug|Any CPU
		{92911896-1A6B-483A-94C1-1DDB4EE0DB1D}.Release|Any CPU.ActiveCfg = Release|Any CPU
		{92911896-1A6B-483A-94C1-1DDB4EE0DB1D}.Release|Any CPU.Build.0 = Release|Any CPU
		{BF2EA6F0-C3D9-4125-9621-DE60B621D4FA}.Debug|Any CPU.ActiveCfg = Debug|Any CPU
		{BF2EA6F0-C3D9-4125-9621-DE60B621D4FA}.Debug|Any CPU.Build.0 = Debug|Any CPU
		{BF2EA6F0-C3D9-4125-9621-DE60B621D4FA}.Release|Any CPU.ActiveCfg = Release|Any CPU
		{BF2EA6F0-C3D9-4125-9621-DE60B621D4FA}.Release|Any CPU.Build.0 = Release|Any CPU
	EndGlobalSection
	GlobalSection(SolutionProperties) = preSolution
		HideSolutionNode = FALSE
	EndGlobalSection
	GlobalSection(ExtensibilityGlobals) = postSolution
		SolutionGuid = {18E6A6A4-3631-4EAD-B115-FA643B368084}
	EndGlobalSection
EndGlobal
