
Microsoft Visual Studio Solution File, Format Version 12.00
# Visual Studio Version 16
VisualStudioVersion = 16.0.30907.101
MinimumVisualStudioVersion = 10.0.40219.1
Project("{FAE04EC0-301F-11D3-BF4B-00C04F79EFBC}") = "ClassLibraryPaint", "ClassLibraryPaint\ClassLibraryPaint.csproj", "{9488D6A3-4115-4940-A9B8-25B2D2BB2F59}"
EndProject
Project("{FAE04EC0-301F-11D3-BF4B-00C04F79EFBC}") = "ConsoleAppFigures", "ConsoleAppFigures\ConsoleAppFigures.csproj", "{D9AFE9BE-A28C-4176-9152-5B1A06C27569}"
EndProject
Global
	GlobalSection(SolutionConfigurationPlatforms) = preSolution
		Debug|Any CPU = Debug|Any CPU
		Release|Any CPU = Release|Any CPU
	EndGlobalSection
	GlobalSection(ProjectConfigurationPlatforms) = postSolution
		{9488D6A3-4115-4940-A9B8-25B2D2BB2F59}.Debug|Any CPU.ActiveCfg = Debug|Any CPU
		{9488D6A3-4115-4940-A9B8-25B2D2BB2F59}.Debug|Any CPU.Build.0 = Debug|Any CPU
		{9488D6A3-4115-4940-A9B8-25B2D2BB2F59}.Release|Any CPU.ActiveCfg = Release|Any CPU
		{9488D6A3-4115-4940-A9B8-25B2D2BB2F59}.Release|Any CPU.Build.0 = Release|Any CPU
		{D9AFE9BE-A28C-4176-9152-5B1A06C27569}.Debug|Any CPU.ActiveCfg = Debug|Any CPU
		{D9AFE9BE-A28C-4176-9152-5B1A06C27569}.Debug|Any CPU.Build.0 = Debug|Any CPU
		{D9AFE9BE-A28C-4176-9152-5B1A06C27569}.Release|Any CPU.ActiveCfg = Release|Any CPU
		{D9AFE9BE-A28C-4176-9152-5B1A06C27569}.Release|Any CPU.Build.0 = Release|Any CPU
	EndGlobalSection
	GlobalSection(SolutionProperties) = preSolution
		HideSolutionNode = FALSE
	EndGlobalSection
	GlobalSection(ExtensibilityGlobals) = postSolution
		SolutionGuid = {51839A90-9699-4AC8-AE24-C32404E4A1F0}
	EndGlobalSection
EndGlobal
